
Microsoft Visual Studio Solution File, Format Version 12.00
# Visual Studio 15
VisualStudioVersion = 15.0.27130.2020
MinimumVisualStudioVersion = 10.0.40219.1
Project("{FAE04EC0-301F-11D3-BF4B-00C04F79EFBC}") = "adapterTryout", "adapterTryout\adapterTryout.csproj", "{15C252F3-383E-44E3-9A80-2CB6535A829B}"
EndProject
Global
	GlobalSection(SolutionConfigurationPlatforms) = preSolution
		Debug|Any CPU = Debug|Any CPU
		Release|Any CPU = Release|Any CPU
	EndGlobalSection
	GlobalSection(ProjectConfigurationPlatforms) = postSolution
		{15C252F3-383E-44E3-9A80-2CB6535A829B}.Debug|Any CPU.ActiveCfg = Debug|Any CPU
		{15C252F3-383E-44E3-9A80-2CB6535A829B}.Debug|Any CPU.Build.0 = Debug|Any CPU
		{15C252F3-383E-44E3-9A80-2CB6535A829B}.Release|Any CPU.ActiveCfg = Release|Any CPU
		{15C252F3-383E-44E3-9A80-2CB6535A829B}.Release|Any CPU.Build.0 = Release|Any CPU
	EndGlobalSection
	GlobalSection(SolutionProperties) = preSolution
		HideSolutionNode = FALSE
	EndGlobalSection
	GlobalSection(ExtensibilityGlobals) = postSolution
		SolutionGuid = {47812086-2577-402C-AD06-4698B5DC704A}
	EndGlobalSection
EndGlobal
